{
  "version": 4,
  "terraform_version": "1.9.2",
  "serial": 5,
  "lineage": "84f5426d-e1a4-4638-dd68-bb98f2b3fc03",
  "outputs": {},
  "resources": [
    {
      "mode": "managed",
      "type": "azurerm_log_analytics_workspace",
      "name": "log_analytics_workspace",
      "provider": "provider[\"registry.terraform.io/hashicorp/azurerm\"]",
      "instances": [
        {
          "schema_version": 3,
          "attributes": {
            "allow_resource_only_permissions": true,
            "cmk_for_query_forced": false,
            "daily_quota_gb": -1,
            "data_collection_rule_id": "",
            "id": "/subscriptions/7541bc3d-10b0-4ed6-a6cd-52daf5eb8719/resourceGroups/ahock-ai-showcase-rg/providers/Microsoft.OperationalInsights/workspaces/ahock-log-analytics-workspace",
            "identity": [],
            "immediate_data_purge_on_30_days_enabled": false,
            "internet_ingestion_enabled": true,
            "internet_query_enabled": true,
            "local_authentication_disabled": false,
            "location": "eastus2",
            "name": "ahock-log-analytics-workspace",
            "primary_shared_key": "hEA895Del7qv4kdGjjfXuQTcgZgvk2NRzVQ9VnD0khKnK+EKwxTC2tn6fQtFpZO8h9oUZKkFHuVmCp/Vwfc7qA==",
            "reservation_capacity_in_gb_per_day": null,
            "resource_group_name": "ahock-ai-showcase-rg",
            "retention_in_days": 30,
            "secondary_shared_key": "gl1ugqKDxMZg8xJxpD5EB/np5cB7BS8ErmJKtE0qbirTyOvfNNw406iccsjKvmXjXejauisQL3H87xZ+je3cRQ==",
            "sku": "PerGB2018",
            "tags": {
              "created_by": "Terraform",
              "project": "AI Showcase"
            },
            "timeouts": null,
            "workspace_id": "14250792-f99d-4314-b388-293d24ef912c"
          },
          "sensitive_attributes": [
            [
              {
                "type": "get_attr",
                "value": "primary_shared_key"
              }
            ],
            [
              {
                "type": "get_attr",
                "value": "secondary_shared_key"
              }
            ]
          ],
          "private": "eyJlMmJmYjczMC1lY2FhLTExZTYtOGY4OC0zNDM2M2JjN2M0YzAiOnsiY3JlYXRlIjoxODAwMDAwMDAwMDAwLCJkZWxldGUiOjE4MDAwMDAwMDAwMDAsInJlYWQiOjMwMDAwMDAwMDAwMCwidXBkYXRlIjoxODAwMDAwMDAwMDAwfSwic2NoZW1hX3ZlcnNpb24iOiIzIn0=",
          "dependencies": [
            "azurerm_resource_group.openai"
          ]
        }
      ]
    },
    {
      "mode": "managed",
      "type": "azurerm_resource_group",
      "name": "openai",
      "provider": "provider[\"registry.terraform.io/hashicorp/azurerm\"]",
      "instances": [
        {
          "schema_version": 0,
          "attributes": {
            "id": "/subscriptions/7541bc3d-10b0-4ed6-a6cd-52daf5eb8719/resourceGroups/ahock-ai-showcase-rg",
            "location": "eastus2",
            "managed_by": "",
            "name": "ahock-ai-showcase-rg",
            "tags": {
              "created_by": "Terraform",
              "project": "AI Showcase"
            },
            "timeouts": null
          },
          "sensitive_attributes": [],
          "private": "eyJlMmJmYjczMC1lY2FhLTExZTYtOGY4OC0zNDM2M2JjN2M0YzAiOnsiY3JlYXRlIjo1NDAwMDAwMDAwMDAwLCJkZWxldGUiOjU0MDAwMDAwMDAwMDAsInJlYWQiOjMwMDAwMDAwMDAwMCwidXBkYXRlIjo1NDAwMDAwMDAwMDAwfX0="
        }
      ]
    },
    {
      "mode": "managed",
      "type": "azurerm_static_web_app",
      "name": "static-web-app",
      "provider": "provider[\"registry.terraform.io/hashicorp/azurerm\"]",
      "instances": [
        {
          "schema_version": 0,
          "attributes": {
            "api_key": "522d739de3a38d21068a143f8588c2a9174f568f0f8291aeb54e7fc96dc3029f5-f693630a-b7b0-4127-8176-c48684bd359500f292614",
            "app_settings": null,
            "basic_auth": [],
            "configuration_file_changes_enabled": true,
            "default_host_name": "polite-flower-0d1b89d0f.5.azurestaticapps.net",
            "id": "/subscriptions/7541bc3d-10b0-4ed6-a6cd-52daf5eb8719/resourceGroups/ahock-ai-showcase-rg/providers/Microsoft.Web/staticSites/ahock-static-web-app",
            "identity": [
              {
                "identity_ids": null,
                "principal_id": "2d99daf5-65aa-4cc4-a6cf-684736b41f34",
                "tenant_id": "2509ae39-0407-4844-88a7-a73105a3c575",
                "type": "SystemAssigned"
              }
            ],
            "location": "eastus2",
            "name": "ahock-static-web-app",
            "preview_environments_enabled": true,
            "resource_group_name": "ahock-ai-showcase-rg",
            "sku_size": "Standard",
            "sku_tier": "Standard",
            "tags": {
              "created_by": "Terraform",
              "project": "AI Showcase"
            },
            "timeouts": null
          },
          "sensitive_attributes": [
            [
              {
                "type": "get_attr",
                "value": "api_key"
              }
            ]
          ],
          "private": "eyJlMmJmYjczMC1lY2FhLTExZTYtOGY4OC0zNDM2M2JjN2M0YzAiOnsiY3JlYXRlIjoxODAwMDAwMDAwMDAwLCJkZWxldGUiOjE4MDAwMDAwMDAwMDAsInJlYWQiOjMwMDAwMDAwMDAwMCwidXBkYXRlIjoxODAwMDAwMDAwMDAwfX0=",
          "dependencies": [
            "azurerm_resource_group.openai"
          ]
        }
      ]
    }
  ],
  "check_results": null
}
