{
  "version": 4,
  "terraform_version": "1.5.3",
  "serial": 11,
  "lineage": "4edc9dd9-e486-1a3c-1907-765648da12bd",
  "outputs": {},
  "resources": [
    {
      "mode": "managed",
      "type": "azurerm_cognitive_account",
      "name": "ca",
      "provider": "provider[\"registry.terraform.io/hashicorp/azurerm\"]",
      "instances": [
        {
          "schema_version": 0,
          "attributes": {
            "custom_question_answering_search_service_id": null,
            "custom_question_answering_search_service_key": null,
            "custom_subdomain_name": "",
            "customer_managed_key": [],
            "dynamic_throttling_enabled": false,
            "endpoint": "https://eastus2.api.cognitive.microsoft.com/",
            "fqdns": [],
            "id": "/subscriptions/e5f7732c-9989-4b4d-83c1-a1dbb972e0a3/resourceGroups/ai-showcase-rg/providers/Microsoft.CognitiveServices/accounts/cognitive-account",
            "identity": [],
            "kind": "OpenAI",
            "local_auth_enabled": true,
            "location": "eastus2",
            "metrics_advisor_aad_client_id": null,
            "metrics_advisor_aad_tenant_id": null,
            "metrics_advisor_super_user_name": null,
            "metrics_advisor_website_name": null,
            "name": "cognitive-account",
            "network_acls": [],
            "outbound_network_access_restricted": false,
            "primary_access_key": "c010fe49ed714c3c981c745aaa55079e",
            "public_network_access_enabled": true,
            "qna_runtime_endpoint": null,
            "resource_group_name": "ai-showcase-rg",
            "secondary_access_key": "22b2861ead954b42abe1fd8d41ca8b76",
            "sku_name": "S0",
            "storage": [],
            "tags": {},
            "timeouts": null
          },
          "sensitive_attributes": [],
          "private": "eyJlMmJmYjczMC1lY2FhLTExZTYtOGY4OC0zNDM2M2JjN2M0YzAiOnsiY3JlYXRlIjoxODAwMDAwMDAwMDAwLCJkZWxldGUiOjE4MDAwMDAwMDAwMDAsInJlYWQiOjMwMDAwMDAwMDAwMCwidXBkYXRlIjoxODAwMDAwMDAwMDAwfX0=",
          "dependencies": [
            "azurerm_resource_group.openai"
          ]
        }
      ]
    },
    {
      "mode": "managed",
      "type": "azurerm_cognitive_deployment",
      "name": "gpt35",
      "provider": "provider[\"registry.terraform.io/hashicorp/azurerm\"]",
      "instances": [
        {
          "schema_version": 0,
          "attributes": {
            "cognitive_account_id": "/subscriptions/e5f7732c-9989-4b4d-83c1-a1dbb972e0a3/resourceGroups/ai-showcase-rg/providers/Microsoft.CognitiveServices/accounts/cognitive-account",
            "id": "/subscriptions/e5f7732c-9989-4b4d-83c1-a1dbb972e0a3/resourceGroups/ai-showcase-rg/providers/Microsoft.CognitiveServices/accounts/cognitive-account/deployments/gpt-35-turbo",
            "model": [
              {
                "format": "OpenAI",
                "name": "gpt-35-turbo",
                "version": "0613"
              }
            ],
            "name": "gpt-35-turbo",
            "rai_policy_name": "",
            "scale": [
              {
                "capacity": 1,
                "family": "",
                "size": "",
                "tier": "",
                "type": "Standard"
              }
            ],
            "timeouts": null,
            "version_upgrade_option": "OnceNewDefaultVersionAvailable"
          },
          "sensitive_attributes": [],
          "private": "eyJlMmJmYjczMC1lY2FhLTExZTYtOGY4OC0zNDM2M2JjN2M0YzAiOnsiY3JlYXRlIjoxODAwMDAwMDAwMDAwLCJkZWxldGUiOjE4MDAwMDAwMDAwMDAsInJlYWQiOjMwMDAwMDAwMDAwMCwidXBkYXRlIjoxODAwMDAwMDAwMDAwfX0=",
          "dependencies": [
            "azurerm_cognitive_account.ca"
          ]
        }
      ]
    },
    {
      "mode": "managed",
      "type": "azurerm_cognitive_deployment",
      "name": "gpt4",
      "provider": "provider[\"registry.terraform.io/hashicorp/azurerm\"]",
      "instances": [
        {
          "schema_version": 0,
          "attributes": {
            "cognitive_account_id": "/subscriptions/e5f7732c-9989-4b4d-83c1-a1dbb972e0a3/resourceGroups/ai-showcase-rg/providers/Microsoft.CognitiveServices/accounts/cognitive-account",
            "id": "/subscriptions/e5f7732c-9989-4b4d-83c1-a1dbb972e0a3/resourceGroups/ai-showcase-rg/providers/Microsoft.CognitiveServices/accounts/cognitive-account/deployments/gpt-4o",
            "model": [
              {
                "format": "OpenAI",
                "name": "gpt-4o",
                "version": "2024-05-13"
              }
            ],
            "name": "gpt-4o",
            "rai_policy_name": "",
            "scale": [
              {
                "capacity": 1,
                "family": "",
                "size": "",
                "tier": "",
                "type": "Standard"
              }
            ],
            "timeouts": null,
            "version_upgrade_option": "OnceNewDefaultVersionAvailable"
          },
          "sensitive_attributes": [],
          "private": "eyJlMmJmYjczMC1lY2FhLTExZTYtOGY4OC0zNDM2M2JjN2M0YzAiOnsiY3JlYXRlIjoxODAwMDAwMDAwMDAwLCJkZWxldGUiOjE4MDAwMDAwMDAwMDAsInJlYWQiOjMwMDAwMDAwMDAwMCwidXBkYXRlIjoxODAwMDAwMDAwMDAwfX0=",
          "dependencies": [
            "azurerm_cognitive_account.ca",
            "azurerm_resource_group.openai"
          ]
        }
      ]
    },
    {
      "mode": "managed",
      "type": "azurerm_cognitive_deployment",
      "name": "text-large",
      "provider": "provider[\"registry.terraform.io/hashicorp/azurerm\"]",
      "instances": [
        {
          "schema_version": 0,
          "attributes": {
            "cognitive_account_id": "/subscriptions/e5f7732c-9989-4b4d-83c1-a1dbb972e0a3/resourceGroups/ai-showcase-rg/providers/Microsoft.CognitiveServices/accounts/cognitive-account",
            "id": "/subscriptions/e5f7732c-9989-4b4d-83c1-a1dbb972e0a3/resourceGroups/ai-showcase-rg/providers/Microsoft.CognitiveServices/accounts/cognitive-account/deployments/text-embedding-large",
            "model": [
              {
                "format": "OpenAI",
                "name": "text-embedding-3-large",
                "version": "1"
              }
            ],
            "name": "text-embedding-large",
            "rai_policy_name": "",
            "scale": [
              {
                "capacity": 1,
                "family": "",
                "size": "",
                "tier": "",
                "type": "Standard"
              }
            ],
            "timeouts": null,
            "version_upgrade_option": "OnceNewDefaultVersionAvailable"
          },
          "sensitive_attributes": [],
          "private": "eyJlMmJmYjczMC1lY2FhLTExZTYtOGY4OC0zNDM2M2JjN2M0YzAiOnsiY3JlYXRlIjoxODAwMDAwMDAwMDAwLCJkZWxldGUiOjE4MDAwMDAwMDAwMDAsInJlYWQiOjMwMDAwMDAwMDAwMCwidXBkYXRlIjoxODAwMDAwMDAwMDAwfX0=",
          "dependencies": [
            "azurerm_cognitive_account.ca",
            "azurerm_resource_group.openai"
          ]
        }
      ]
    },
    {
      "mode": "managed",
      "type": "azurerm_cognitive_deployment",
      "name": "text-small",
      "provider": "provider[\"registry.terraform.io/hashicorp/azurerm\"]",
      "instances": [
        {
          "schema_version": 0,
          "attributes": {
            "cognitive_account_id": "/subscriptions/e5f7732c-9989-4b4d-83c1-a1dbb972e0a3/resourceGroups/ai-showcase-rg/providers/Microsoft.CognitiveServices/accounts/cognitive-account",
            "id": "/subscriptions/e5f7732c-9989-4b4d-83c1-a1dbb972e0a3/resourceGroups/ai-showcase-rg/providers/Microsoft.CognitiveServices/accounts/cognitive-account/deployments/text-embedding-small",
            "model": [
              {
                "format": "OpenAI",
                "name": "text-embedding-3-small",
                "version": "1"
              }
            ],
            "name": "text-embedding-small",
            "rai_policy_name": "",
            "scale": [
              {
                "capacity": 1,
                "family": "",
                "size": "",
                "tier": "",
                "type": "Standard"
              }
            ],
            "timeouts": null,
            "version_upgrade_option": "OnceNewDefaultVersionAvailable"
          },
          "sensitive_attributes": [],
          "private": "eyJlMmJmYjczMC1lY2FhLTExZTYtOGY4OC0zNDM2M2JjN2M0YzAiOnsiY3JlYXRlIjoxODAwMDAwMDAwMDAwLCJkZWxldGUiOjE4MDAwMDAwMDAwMDAsInJlYWQiOjMwMDAwMDAwMDAwMCwidXBkYXRlIjoxODAwMDAwMDAwMDAwfX0=",
          "dependencies": [
            "azurerm_cognitive_account.ca",
            "azurerm_resource_group.openai"
          ]
        }
      ]
    },
    {
      "mode": "managed",
      "type": "azurerm_resource_group",
      "name": "openai",
      "provider": "provider[\"registry.terraform.io/hashicorp/azurerm\"]",
      "instances": [
        {
          "schema_version": 0,
          "attributes": {
            "id": "/subscriptions/e5f7732c-9989-4b4d-83c1-a1dbb972e0a3/resourceGroups/ai-showcase-rg",
            "location": "eastus2",
            "managed_by": "",
            "name": "ai-showcase-rg",
            "tags": {},
            "timeouts": null
          },
          "sensitive_attributes": [],
          "private": "eyJlMmJmYjczMC1lY2FhLTExZTYtOGY4OC0zNDM2M2JjN2M0YzAiOnsiY3JlYXRlIjo1NDAwMDAwMDAwMDAwLCJkZWxldGUiOjU0MDAwMDAwMDAwMDAsInJlYWQiOjMwMDAwMDAwMDAwMCwidXBkYXRlIjo1NDAwMDAwMDAwMDAwfX0="
        }
      ]
    }
  ],
  "check_results": null
}
